<?xml version="1.0" encoding="utf-8"?>
<Project ToolsVersion="4.0" xmlns="http://schemas.microsoft.com/developer/msbuild/2003">
  <ItemGroup>
    <Filter Include="src">
      <UniqueIdentifier>{65f9701f-e3d7-4d78-9da8-a717e2be004a}</UniqueIdentifier>
    </Filter>
    <Filter Include="src\core">
      <UniqueIdentifier>{11045d62-1a53-4574-9649-3ef6012326a7}</UniqueIdentifier>
    </Filter>
    <Filter Include="3rd">
      <UniqueIdentifier>{9022adac-697d-44ab-ad6b-3255de01d606}</UniqueIdentifier>
    </Filter>
    <Filter Include="src\common">
      <UniqueIdentifier>{d0730ac7-1112-4702-bdb4-56eb673cf491}</UniqueIdentifier>
    </Filter>
  </ItemGroup>
  <ItemGroup>
    <ClCompile Include="src\common\Camera.cpp">
      <Filter>src\common</Filter>
    </ClCompile>
    <ClCompile Include="src\common\d3dApp.cpp">
      <Filter>src\common</Filter>
    </ClCompile>
    <ClCompile Include="src\common\d3dUtil.cpp">
      <Filter>src\common</Filter>
    </ClCompile>
    <ClCompile Include="src\common\DDSTextureLoader.cpp">
      <Filter>src\common</Filter>
    </ClCompile>
    <ClCompile Include="src\common\GameTimer.cpp">
      <Filter>src\common</Filter>
    </ClCompile>
    <ClCompile Include="src\common\GeometryGenerator.cpp">
      <Filter>src\common</Filter>
    </ClCompile>
    <ClCompile Include="src\common\MathHelper.cpp">
      <Filter>src\common</Filter>
    </ClCompile>
    <ClCompile Include="src\core\BoxApp.cpp">
      <Filter>src\core</Filter>
    </ClCompile>
    <ClCompile Include="src\core\LandAndWavesApp.cpp">
      <Filter>src\core</Filter>
    </ClCompile>
    <ClCompile Include="src\common\FrameResource.cpp">
      <Filter>src\common</Filter>
    </ClCompile>
    <ClCompile Include="src\common\Waves.cpp">
      <Filter>src\common</Filter>
    </ClCompile>
  </ItemGroup>
  <ItemGroup>
    <ClInclude Include="src\common\Camera.h">
      <Filter>src\common</Filter>
    </ClInclude>
    <ClInclude Include="src\common\d3dApp.h">
      <Filter>src\common</Filter>
    </ClInclude>
    <ClInclude Include="src\common\d3dUtil.h">
      <Filter>src\common</Filter>
    </ClInclude>
    <ClInclude Include="src\common\d3dx12.h">
      <Filter>src\common</Filter>
    </ClInclude>
    <ClInclude Include="src\common\DDSTextureLoader.h">
      <Filter>src\common</Filter>
    </ClInclude>
    <ClInclude Include="src\common\GameTimer.h">
      <Filter>src\common</Filter>
    </ClInclude>
    <ClInclude Include="src\common\GeometryGenerator.h">
      <Filter>src\common</Filter>
    </ClInclude>
    <ClInclude Include="src\common\MathHelper.h">
      <Filter>src\common</Filter>
    </ClInclude>
    <ClInclude Include="src\common\UploadBuffer.h">
      <Filter>src\common</Filter>
    </ClInclude>
    <ClInclude Include="src\common\FrameResource.h">
      <Filter>src\common</Filter>
    </ClInclude>
    <ClInclude Include="src\common\Waves.h">
      <Filter>src\common</Filter>
    </ClInclude>
  </ItemGroup>
</Project>